
Microsoft Visual Studio Solution File, Format Version 12.00
# Visual Studio Version 16
VisualStudioVersion = 16.0.29905.134
MinimumVisualStudioVersion = 10.0.40219.1
Project("{FAE04EC0-301F-11D3-BF4B-00C04F79EFBC}") = "ToDoListApp", "ToDoListApp\ToDoListApp.csproj", "{BD530B1C-8716-4EB4-B397-E920C4D285AD}"
EndProject
Project("{FAE04EC0-301F-11D3-BF4B-00C04F79EFBC}") = "ToDoListAppAPI", "ToDoListAppAPI\ToDoListAppAPI.csproj", "{20769E79-DD40-4E9C-A4B9-F9784719254E}"
EndProject
Project("{FAE04EC0-301F-11D3-BF4B-00C04F79EFBC}") = "ToDoListAppData", "ToDoListAppData\ToDoListAppData.csproj", "{D33911CE-D18E-410D-AA8F-1676D5553384}"
EndProject
Global
	GlobalSection(SolutionConfigurationPlatforms) = preSolution
		Debug|Any CPU = Debug|Any CPU
		Release|Any CPU = Release|Any CPU
	EndGlobalSection
	GlobalSection(ProjectConfigurationPlatforms) = postSolution
		{BD530B1C-8716-4EB4-B397-E920C4D285AD}.Debug|Any CPU.ActiveCfg = Debug|Any CPU
		{BD530B1C-8716-4EB4-B397-E920C4D285AD}.Debug|Any CPU.Build.0 = Debug|Any CPU
		{BD530B1C-8716-4EB4-B397-E920C4D285AD}.Release|Any CPU.ActiveCfg = Release|Any CPU
		{BD530B1C-8716-4EB4-B397-E920C4D285AD}.Release|Any CPU.Build.0 = Release|Any CPU
		{20769E79-DD40-4E9C-A4B9-F9784719254E}.Debug|Any CPU.ActiveCfg = Debug|Any CPU
		{20769E79-DD40-4E9C-A4B9-F9784719254E}.Debug|Any CPU.Build.0 = Debug|Any CPU
		{20769E79-DD40-4E9C-A4B9-F9784719254E}.Release|Any CPU.ActiveCfg = Release|Any CPU
		{20769E79-DD40-4E9C-A4B9-F9784719254E}.Release|Any CPU.Build.0 = Release|Any CPU
		{D33911CE-D18E-410D-AA8F-1676D5553384}.Debug|Any CPU.ActiveCfg = Debug|Any CPU
		{D33911CE-D18E-410D-AA8F-1676D5553384}.Debug|Any CPU.Build.0 = Debug|Any CPU
		{D33911CE-D18E-410D-AA8F-1676D5553384}.Release|Any CPU.ActiveCfg = Release|Any CPU
		{D33911CE-D18E-410D-AA8F-1676D5553384}.Release|Any CPU.Build.0 = Release|Any CPU
	EndGlobalSection
	GlobalSection(SolutionProperties) = preSolution
		HideSolutionNode = FALSE
	EndGlobalSection
	GlobalSection(ExtensibilityGlobals) = postSolution
		SolutionGuid = {1C94C3BA-C87F-4F1E-9F19-4B9D34C80EF5}
	EndGlobalSection
EndGlobal
